
Microsoft Visual Studio Solution File, Format Version 12.00
# Visual Studio Version 16
VisualStudioVersion = 16.0.33801.447
MinimumVisualStudioVersion = 10.0.40219.1
Project("{FAE04EC0-301F-11D3-BF4B-00C04F79EFBC}") = "ClassEx", "ClassEx\ClassEx.csproj", "{B61691B3-227F-4701-9C10-E4176924A864}"
EndProject
Global
	GlobalSection(SolutionConfigurationPlatforms) = preSolution
		Debug|Any CPU = Debug|Any CPU
		Release|Any CPU = Release|Any CPU
	EndGlobalSection
	GlobalSection(ProjectConfigurationPlatforms) = postSolution
		{B61691B3-227F-4701-9C10-E4176924A864}.Debug|Any CPU.ActiveCfg = Debug|Any CPU
		{B61691B3-227F-4701-9C10-E4176924A864}.Debug|Any CPU.Build.0 = Debug|Any CPU
		{B61691B3-227F-4701-9C10-E4176924A864}.Release|Any CPU.ActiveCfg = Release|Any CPU
		{B61691B3-227F-4701-9C10-E4176924A864}.Release|Any CPU.Build.0 = Release|Any CPU
	EndGlobalSection
	GlobalSection(SolutionProperties) = preSolution
		HideSolutionNode = FALSE
	EndGlobalSection
	GlobalSection(ExtensibilityGlobals) = postSolution
		SolutionGuid = {A7C4400B-F621-4B55-8AB6-EFAD47B3D1FF}
	EndGlobalSection
EndGlobal
